
Microsoft Visual Studio Solution File, Format Version 12.00
# Visual Studio Version 17
VisualStudioVersion = 17.13.35825.156 d17.13
MinimumVisualStudioVersion = 10.0.40219.1
Project("{FAE04EC0-301F-11D3-BF4B-00C04F79EFBC}") = "CalculationMachine", "CalculationMachine\CalculationMachine.csproj", "{78F052DA-E24C-435F-9A39-09428B95E1D2}"
EndProject
Project("{FAE04EC0-301F-11D3-BF4B-00C04F79EFBC}") = "CalculationMachineTest", "CalculationMachineTest\CalculationMachineTest.csproj", "{440F14E7-1B6C-4D80-B390-1B5FA4DC3D81}"
EndProject
Global
	GlobalSection(SolutionConfigurationPlatforms) = preSolution
		Debug|Any CPU = Debug|Any CPU
		Release|Any CPU = Release|Any CPU
	EndGlobalSection
	GlobalSection(ProjectConfigurationPlatforms) = postSolution
		{78F052DA-E24C-435F-9A39-09428B95E1D2}.Debug|Any CPU.ActiveCfg = Debug|Any CPU
		{78F052DA-E24C-435F-9A39-09428B95E1D2}.Debug|Any CPU.Build.0 = Debug|Any CPU
		{78F052DA-E24C-435F-9A39-09428B95E1D2}.Release|Any CPU.ActiveCfg = Release|Any CPU
		{78F052DA-E24C-435F-9A39-09428B95E1D2}.Release|Any CPU.Build.0 = Release|Any CPU
		{440F14E7-1B6C-4D80-B390-1B5FA4DC3D81}.Debug|Any CPU.ActiveCfg = Debug|Any CPU
		{440F14E7-1B6C-4D80-B390-1B5FA4DC3D81}.Debug|Any CPU.Build.0 = Debug|Any CPU
		{440F14E7-1B6C-4D80-B390-1B5FA4DC3D81}.Release|Any CPU.ActiveCfg = Release|Any CPU
		{440F14E7-1B6C-4D80-B390-1B5FA4DC3D81}.Release|Any CPU.Build.0 = Release|Any CPU
	EndGlobalSection
	GlobalSection(SolutionProperties) = preSolution
		HideSolutionNode = FALSE
	EndGlobalSection
	GlobalSection(ExtensibilityGlobals) = postSolution
		SolutionGuid = {67515304-0DD5-481B-8D32-ED1022A41BCE}
	EndGlobalSection
EndGlobal
